
Microsoft Visual Studio Solution File, Format Version 12.00
# Visual Studio Version 16
VisualStudioVersion = 16.0.30503.244
MinimumVisualStudioVersion = 10.0.40219.1
Project("{FAE04EC0-301F-11D3-BF4B-00C04F79EFBC}") = "lab1.0", "lab1.0.csproj", "{D37B2D97-9241-4C19-BAC5-D7AED2AD7801}"
EndProject
Global
	GlobalSection(SolutionConfigurationPlatforms) = preSolution
		Debug|Any CPU = Debug|Any CPU
		Release|Any CPU = Release|Any CPU
	EndGlobalSection
	GlobalSection(ProjectConfigurationPlatforms) = postSolution
		{D37B2D97-9241-4C19-BAC5-D7AED2AD7801}.Debug|Any CPU.ActiveCfg = Debug|Any CPU
		{D37B2D97-9241-4C19-BAC5-D7AED2AD7801}.Debug|Any CPU.Build.0 = Debug|Any CPU
		{D37B2D97-9241-4C19-BAC5-D7AED2AD7801}.Release|Any CPU.ActiveCfg = Release|Any CPU
		{D37B2D97-9241-4C19-BAC5-D7AED2AD7801}.Release|Any CPU.Build.0 = Release|Any CPU
	EndGlobalSection
	GlobalSection(SolutionProperties) = preSolution
		HideSolutionNode = FALSE
	EndGlobalSection
	GlobalSection(ExtensibilityGlobals) = postSolution
		SolutionGuid = {3DDA70AF-B0E4-447E-BD48-7C01317754CD}
	EndGlobalSection
EndGlobal
